
Microsoft Visual Studio Solution File, Format Version 12.00
Project("{FAE04EC0-301F-11D3-BF4B-00C04F79EFBC}") = "cs.2020-10-07-struct", "cs.2020-10-07-struct\cs.2020-10-07-struct.csproj", "{D667D98B-ED39-408C-869F-B81EF2E2A375}"
EndProject
Global
	GlobalSection(SolutionConfigurationPlatforms) = preSolution
		Debug|Any CPU = Debug|Any CPU
		Release|Any CPU = Release|Any CPU
	EndGlobalSection
	GlobalSection(ProjectConfigurationPlatforms) = postSolution
		{D667D98B-ED39-408C-869F-B81EF2E2A375}.Debug|Any CPU.ActiveCfg = Debug|Any CPU
		{D667D98B-ED39-408C-869F-B81EF2E2A375}.Debug|Any CPU.Build.0 = Debug|Any CPU
		{D667D98B-ED39-408C-869F-B81EF2E2A375}.Release|Any CPU.ActiveCfg = Release|Any CPU
		{D667D98B-ED39-408C-869F-B81EF2E2A375}.Release|Any CPU.Build.0 = Release|Any CPU
	EndGlobalSection
EndGlobal
